// !$*UTF8*$!
{
	archiveVersion = 1;
	classes = {
	};
	objectVersion = 46;
	objects = {

/* Begin PBXBuildFile section */
		B0928E3D1AC6C325008203FE /* main.m in Sources */ = {isa = PBXBuildFile; fileRef = B0928E3C1AC6C325008203FE /* main.m */; };
		B0928E401AC6C325008203FE /* AppDelegate.m in Sources */ = {isa = PBXBuildFile; fileRef = B0928E3F1AC6C325008203FE /* AppDelegate.m */; };
		B0928E431AC6C325008203FE /* ViewController.m in Sources */ = {isa = PBXBuildFile; fileRef = B0928E421AC6C325008203FE /* ViewController.m */; };
		B0928E461AC6C325008203FE /* Main.storyboard in Resources */ = {isa = PBXBuildFile; fileRef = B0928E441AC6C325008203FE /* Main.storyboard */; };
		B0928E481AC6C325008203FE /* Images.xcassets in Resources */ = {isa = PBXBuildFile; fileRef = B0928E471AC6C325008203FE /* Images.xcassets */; };
		B0928E4B1AC6C325008203FE /* LaunchScreen.xib in Resources */ = {isa = PBXBuildFile; fileRef = B0928E491AC6C325008203FE /* LaunchScreen.xib */; };
		B0928E571AC6C325008203FE /* Lesson2Tests.m in Sources */ = {isa = PBXBuildFile; fileRef = B0928E561AC6C325008203FE /* Lesson2Tests.m */; };
		B0928E651AC6E8CF008203FE /* UIView+FastResizing.m in Sources */ = {isa = PBXBuildFile; fileRef = B0928E641AC6E8CF008203FE /* UIView+FastResizing.m */; };
/* End PBXBuildFile section */

/* Begin PBXContainerItemProxy section */
		B0928E511AC6C325008203FE /* PBXContainerItemProxy */ = {
			isa = PBXContainerItemProxy;
			containerPortal = B0928E2F1AC6C325008203FE /* Project object */;
			proxyType = 1;
			remoteGlobalIDString = B0928E361AC6C325008203FE;
			remoteInfo = Lesson2;
		};
/* End PBXContainerItemProxy section */

/* Begin PBXFileReference section */
		B0928E371AC6C325008203FE /* Lesson2.app */ = {isa = PBXFileReference; explicitFileType = wrapper.application; includeInIndex = 0; path = Lesson2.app; sourceTree = BUILT_PRODUCTS_DIR; };
		B0928E3B1AC6C325008203FE /* Info.plist */ = {isa = PBXFileReference; lastKnownFileType = text.plist.xml; path = Info.plist; sourceTree = "<group>"; };
		B0928E3C1AC6C325008203FE /* main.m */ = {isa = PBXFileReference; lastKnownFileType = sourcecode.c.objc; path = main.m; sourceTree = "<group>"; };
		B0928E3E1AC6C325008203FE /* AppDelegate.h */ = {isa = PBXFileReference; lastKnownFileType = sourcecode.c.h; path = AppDelegate.h; sourceTree = "<group>"; };
		B0928E3F1AC6C325008203FE /* AppDelegate.m */ = {isa = PBXFileReference; lastKnownFileType = sourcecode.c.objc; path = AppDelegate.m; sourceTree = "<group>"; };
		B0928E411AC6C325008203FE /* ViewController.h */ = {isa = PBXFileReference; lastKnownFileType = sourcecode.c.h; path = ViewController.h; sourceTree = "<group>"; };
		B0928E421AC6C325008203FE /* ViewController.m */ = {isa = PBXFileReference; lastKnownFileType = sourcecode.c.objc; path = ViewController.m; sourceTree = "<group>"; };
		B0928E451AC6C325008203FE /* Base */ = {isa = PBXFileReference; lastKnownFileType = file.storyboard; name = Base; path = Base.lproj/Main.storyboard; sourceTree = "<group>"; };
		B0928E471AC6C325008203FE /* Images.xcassets */ = {isa = PBXFileReference; lastKnownFileType = folder.assetcatalog; path = Images.xcassets; sourceTree = "<group>"; };
		B0928E4A1AC6C325008203FE /* Base */ = {isa = PBXFileReference; lastKnownFileType = file.xib; name = Base; path = Base.lproj/LaunchScreen.xib; sourceTree = "<group>"; };
		B0928E501AC6C325008203FE /* Lesson2Tests.xctest */ = {isa = PBXFileReference; explicitFileType = wrapper.cfbundle; includeInIndex = 0; path = Lesson2Tests.xctest; sourceTree = BUILT_PRODUCTS_DIR; };
		B0928E551AC6C325008203FE /* Info.plist */ = {isa = PBXFileReference; lastKnownFileType = text.plist.xml; path = Info.plist; sourceTree = "<group>"; };
		B0928E561AC6C325008203FE /* Lesson2Tests.m */ = {isa = PBXFileReference; lastKnownFileType = sourcecode.c.objc; path = Lesson2Tests.m; sourceTree = "<group>"; };
		B0928E631AC6E8CF008203FE /* UIView+FastResizing.h */ = {isa = PBXFileReference; fileEncoding = 4; lastKnownFileType = sourcecode.c.h; path = "UIView+FastResizing.h"; sourceTree = "<group>"; };
		B0928E641AC6E8CF008203FE /* UIView+FastResizing.m */ = {isa = PBXFileReference; fileEncoding = 4; lastKnownFileType = sourcecode.c.objc; path = "UIView+FastResizing.m"; sourceTree = "<group>"; };
/* End PBXFileReference section */

/* Begin PBXFrameworksBuildPhase section */
		B0928E341AC6C325008203FE /* Frameworks */ = {
			isa = PBXFrameworksBuildPhase;
			buildActionMask = 2147483647;
			files = (
			);
			runOnlyForDeploymentPostprocessing = 0;
		};
		B0928E4D1AC6C325008203FE /* Frameworks */ = {
			isa = PBXFrameworksBuildPhase;
			buildActionMask = 2147483647;
			files = (
			);
			runOnlyForDeploymentPostprocessing = 0;
		};
/* End PBXFrameworksBuildPhase section */

/* Begin PBXGroup section */
		B0928E2E1AC6C325008203FE = {
			isa = PBXGroup;
			children = (
				B0928E391AC6C325008203FE /* Lesson2 */,
				B0928E531AC6C325008203FE /* Lesson2Tests */,
				B0928E381AC6C325008203FE /* Products */,
			);
			sourceTree = "<group>";
		};
		B0928E381AC6C325008203FE /* Products */ = {
			isa = PBXGroup;
			children = (
				B0928E371AC6C325008203FE /* Lesson2.app */,
				B0928E501AC6C325008203FE /* Lesson2Tests.xctest */,
			);
			name = Products;
			sourceTree = "<group>";
		};
		B0928E391AC6C325008203FE /* Lesson2 */ = {
			isa = PBXGroup;
			children = (
				B0928E3E1AC6C325008203FE /* AppDelegate.h */,
				B0928E3F1AC6C325008203FE /* AppDelegate.m */,
				B0928E411AC6C325008203FE /* ViewController.h */,
				B0928E421AC6C325008203FE /* ViewController.m */,
				B0928E631AC6E8CF008203FE /* UIView+FastResizing.h */,
				B0928E641AC6E8CF008203FE /* UIView+FastResizing.m */,
				B0928E441AC6C325008203FE /* Main.storyboard */,
				B0928E471AC6C325008203FE /* Images.xcassets */,
				B0928E491AC6C325008203FE /* LaunchScreen.xib */,
				B0928E3A1AC6C325008203FE /* Supporting Files */,
			);
			path = Lesson2;
			sourceTree = "<group>";
		};
		B0928E3A1AC6C325008203FE /* Supporting Files */ = {
			isa = PBXGroup;
			children = (
				B0928E3B1AC6C325008203FE /* Info.plist */,
				B0928E3C1AC6C325008203FE /* main.m */,
			);
			name = "Supporting Files";
			sourceTree = "<group>";
		};
		B0928E531AC6C325008203FE /* Lesson2Tests */ = {
			isa = PBXGroup;
			children = (
				B0928E561AC6C325008203FE /* Lesson2Tests.m */,
				B0928E541AC6C325008203FE /* Supporting Files */,
			);
			path = Lesson2Tests;
			sourceTree = "<group>";
		};
		B0928E541AC6C325008203FE /* Supporting Files */ = {
			isa = PBXGroup;
			children = (
				B0928E551AC6C325008203FE /* Info.plist */,
			);
			name = "Supporting Files";
			sourceTree = "<group>";
		};
/* End PBXGroup section */

/* Begin PBXNativeTarget section */
		B0928E361AC6C325008203FE /* Lesson2 */ = {
			isa = PBXNativeTarget;
			buildConfigurationList = B0928E5A1AC6C325008203FE /* Build configuration list for PBXNativeTarget "Lesson2" */;
			buildPhases = (
				B0928E331AC6C325008203FE /* Sources */,
				B0928E341AC6C325008203FE /* Frameworks */,
				B0928E351AC6C325008203FE /* Resources */,
			);
			buildRules = (
			);
			dependencies = (
			);
			name = Lesson2;
			productName = Lesson2;
			productReference = B0928E371AC6C325008203FE /* Lesson2.app */;
			productType = "com.apple.product-type.application";
		};
		B0928E4F1AC6C325008203FE /* Lesson2Tests */ = {
			isa = PBXNativeTarget;
			buildConfigurationList = B0928E5D1AC6C325008203FE /* Build configuration list for PBXNativeTarget "Lesson2Tests" */;
			buildPhases = (
				B0928E4C1AC6C325008203FE /* Sources */,
				B0928E4D1AC6C325008203FE /* Frameworks */,
				B0928E4E1AC6C325008203FE /* Resources */,
			);
			buildRules = (
			);
			dependencies = (
				B0928E521AC6C325008203FE /* PBXTargetDependency */,
			);
			name = Lesson2Tests;
			productName = Lesson2Tests;
			productReference = B0928E501AC6C325008203FE /* Lesson2Tests.xctest */;
			productType = "com.apple.product-type.bundle.unit-test";
		};
/* End PBXNativeTarget section */

/* Begin PBXProject section */
		B0928E2F1AC6C325008203FE /* Project object */ = {
			isa = PBXProject;
			attributes = {
				LastUpgradeCheck = 0620;
				ORGANIZATIONNAME = "Timur Bernikowich";
				TargetAttributes = {
					B0928E361AC6C325008203FE = {
						CreatedOnToolsVersion = 6.2;
					};
					B0928E4F1AC6C325008203FE = {
						CreatedOnToolsVersion = 6.2;
						TestTargetID = B0928E361AC6C325008203FE;
					};
				};
			};
			buildConfigurationList = B0928E321AC6C325008203FE /* Build configuration list for PBXProject "Lesson2" */;
			compatibilityVersion = "Xcode 3.2";
			developmentRegion = English;
			hasScannedForEncodings = 0;
			knownRegions = (
				en,
				Base,
			);
			mainGroup = B0928E2E1AC6C325008203FE;
			productRefGroup = B0928E381AC6C325008203FE /* Products */;
			projectDirPath = "";
			projectRoot = "";
			targets = (
				B0928E361AC6C325008203FE /* Lesson2 */,
				B0928E4F1AC6C325008203FE /* Lesson2Tests */,
			);
		};
/* End PBXProject section */

/* Begin PBXResourcesBuildPhase section */
		B0928E351AC6C325008203FE /* Resources */ = {
			isa = PBXResourcesBuildPhase;
			buildActionMask = 2147483647;
			files = (
				B0928E461AC6C325008203FE /* Main.storyboard in Resources */,
				B0928E4B1AC6C325008203FE /* LaunchScreen.xib in Resources */,
				B0928E481AC6C325008203FE /* Images.xcassets in Resources */,
			);
			runOnlyForDeploymentPostprocessing = 0;
		};
		B0928E4E1AC6C325008203FE /* Resources */ = {
			isa = PBXResourcesBuildPhase;
			buildActionMask = 2147483647;
			files = (
			);
			runOnlyForDeploymentPostprocessing = 0;
		};
/* End PBXResourcesBuildPhase section */

/* Begin PBXSourcesBuildPhase section */
		B0928E331AC6C325008203FE /* Sources */ = {
			isa = PBXSourcesBuildPhase;
			buildActionMask = 2147483647;
			files = (
				B0928E431AC6C325008203FE /* ViewController.m in Sources */,
				B0928E651AC6E8CF008203FE /* UIView+FastResizing.m in Sources */,
				B0928E401AC6C325008203FE /* AppDelegate.m in Sources */,
				B0928E3D1AC6C325008203FE /* main.m in Sources */,
			);
			runOnlyForDeploymentPostprocessing = 0;
		};
		B0928E4C1AC6C325008203FE /* Sources */ = {
			isa = PBXSourcesBuildPhase;
			buildActionMask = 2147483647;
			files = (
				B0928E571AC6C325008203FE /* Lesson2Tests.m in Sources */,
			);
			runOnlyForDeploymentPostprocessing = 0;
		};
/* End PBXSourcesBuildPhase section */

/* Begin PBXTargetDependency section */
		B0928E521AC6C325008203FE /* PBXTargetDependency */ = {
			isa = PBXTargetDependency;
			target = B0928E361AC6C325008203FE /* Lesson2 */;
			targetProxy = B0928E511AC6C325008203FE /* PBXContainerItemProxy */;
		};
/* End PBXTargetDependency section */

/* Begin PBXVariantGroup section */
		B0928E441AC6C325008203FE /* Main.storyboard */ = {
			isa = PBXVariantGroup;
			children = (
				B0928E451AC6C325008203FE /* Base */,
			);
			name = Main.storyboard;
			sourceTree = "<group>";
		};
		B0928E491AC6C325008203FE /* LaunchScreen.xib */ = {
			isa = PBXVariantGroup;
			children = (
				B0928E4A1AC6C325008203FE /* Base */,
			);
			name = LaunchScreen.xib;
			sourceTree = "<group>";
		};
/* End PBXVariantGroup section */

/* Begin XCBuildConfiguration section */
		B0928E581AC6C325008203FE /* Debug */ = {
			isa = XCBuildConfiguration;
			buildSettings = {
				ALWAYS_SEARCH_USER_PATHS = NO;
				CLANG_CXX_LANGUAGE_STANDARD = "gnu++0x";
				CLANG_CXX_LIBRARY = "libc++";
				CLANG_ENABLE_MODULES = YES;
				CLANG_ENABLE_OBJC_ARC = YES;
				CLANG_WARN_BOOL_CONVERSION = YES;
				CLANG_WARN_CONSTANT_CONVERSION = YES;
				CLANG_WARN_DIRECT_OBJC_ISA_USAGE = YES_ERROR;
				CLANG_WARN_EMPTY_BODY = YES;
				CLANG_WARN_ENUM_CONVERSION = YES;
				CLANG_WARN_INT_CONVERSION = YES;
				CLANG_WARN_OBJC_ROOT_CLASS = YES_ERROR;
				CLANG_WARN_UNREACHABLE_CODE = YES;
				CLANG_WARN__DUPLICATE_METHOD_MATCH = YES;
				"CODE_SIGN_IDENTITY[sdk=iphoneos*]" = "iPhone Developer";
				COPY_PHASE_STRIP = NO;
				ENABLE_STRICT_OBJC_MSGSEND = YES;
				GCC_C_LANGUAGE_STANDARD = gnu99;
				GCC_DYNAMIC_NO_PIC = NO;
				GCC_OPTIMIZATION_LEVEL = 0;
				GCC_PREPROCESSOR_DEFINITIONS = (
					"DEBUG=1",
					"$(inherited)",
				);
				GCC_SYMBOLS_PRIVATE_EXTERN = NO;
				GCC_WARN_64_TO_32_BIT_CONVERSION = YES;
				GCC_WARN_ABOUT_RETURN_TYPE = YES_ERROR;
				GCC_WARN_UNDECLARED_SELECTOR = YES;
				GCC_WARN_UNINITIALIZED_AUTOS = YES_AGGRESSIVE;
				GCC_WARN_UNUSED_FUNCTION = YES;
				GCC_WARN_UNUSED_VARIABLE = YES;
				IPHONEOS_DEPLOYMENT_TARGET = 8.2;
				MTL_ENABLE_DEBUG_INFO = YES;
				ONLY_ACTIVE_ARCH = YES;
				SDKROOT = iphoneos;
			};
			name = Debug;
		};
		B0928E591AC6C325008203FE /* Release */ = {
			isa = XCBuildConfiguration;
			buildSettings = {
				ALWAYS_SEARCH_USER_PATHS = NO;
				CLANG_CXX_LANGUAGE_STANDARD = "gnu++0x";
				CLANG_CXX_LIBRARY = "libc++";
				CLANG_ENABLE_MODULES = YES;
				CLANG_ENABLE_OBJC_ARC = YES;
				CLANG_WARN_BOOL_CONVERSION = YES;
				CLANG_WARN_CONSTANT_CONVERSION = YES;
				CLANG_WARN_DIRECT_OBJC_ISA_USAGE = YES_ERROR;
				CLANG_WARN_EMPTY_BODY = YES;
				CLANG_WARN_ENUM_CONVERSION = YES;
				CLANG_WARN_INT_CONVERSION = YES;
				CLANG_WARN_OBJC_ROOT_CLASS = YES_ERROR;
				CLANG_WARN_UNREACHABLE_CODE = YES;
				CLANG_WARN__DUPLICATE_METHOD_MATCH = YES;
				"CODE_SIGN_IDENTITY[sdk=iphoneos*]" = "iPhone Developer";
				COPY_PHASE_STRIP = NO;
				ENABLE_NS_ASSERTIONS = NO;
				ENABLE_STRICT_OBJC_MSGSEND = YES;
				GCC_C_LANGUAGE_STANDARD = gnu99;
				GCC_WARN_64_TO_32_BIT_CONVERSION = YES;
				GCC_WARN_ABOUT_RETURN_TYPE = YES_ERROR;
				GCC_WARN_UNDECLARED_SELECTOR = YES;
				GCC_WARN_UNINITIALIZED_AUTOS = YES_AGGRESSIVE;
				GCC_WARN_UNUSED_FUNCTION = YES;
				GCC_WARN_UNUSED_VARIABLE = YES;
				IPHONEOS_DEPLOYMENT_TARGET = 8.2;
				MTL_ENABLE_DEBUG_INFO = NO;
				SDKROOT = iphoneos;
				VALIDATE_PRODUCT = YES;
			};
			name = Release;
		};
		B0928E5B1AC6C325008203FE /* Debug */ = {
			isa = XCBuildConfiguration;
			buildSettings = {
				ASSETCATALOG_COMPILER_APPICON_NAME = AppIcon;
				INFOPLIST_FILE = Lesson2/Info.plist;
				LD_RUNPATH_SEARCH_PATHS = "$(inherited) @executable_path/Frameworks";
				PRODUCT_NAME = "$(TARGET_NAME)";
			};
			name = Debug;
		};
		B0928E5C1AC6C325008203FE /* Release */ = {
			isa = XCBuildConfiguration;
			buildSettings = {
				ASSETCATALOG_COMPILER_APPICON_NAME = AppIcon;
				INFOPLIST_FILE = Lesson2/Info.plist;
				LD_RUNPATH_SEARCH_PATHS = "$(inherited) @executable_path/Frameworks";
				PRODUCT_NAME = "$(TARGET_NAME)";
			};
			name = Release;
		};
		B0928E5E1AC6C325008203FE /* Debug */ = {
			isa = XCBuildConfiguration;
			buildSettings = {
				BUNDLE_LOADER = "$(TEST_HOST)";
				FRAMEWORK_SEARCH_PATHS = (
					"$(SDKROOT)/Developer/Library/Frameworks",
					"$(inherited)",
				);
				GCC_PREPROCESSOR_DEFINITIONS = (
					"DEBUG=1",
					"$(inherited)",
				);
				INFOPLIST_FILE = Lesson2Tests/Info.plist;
				LD_RUNPATH_SEARCH_PATHS = "$(inherited) @executable_path/Frameworks @loader_path/Frameworks";
				PRODUCT_NAME = "$(TARGET_NAME)";
				TEST_HOST = "$(BUILT_PRODUCTS_DIR)/Lesson2.app/Lesson2";
			};
			name = Debug;
		};
		B0928E5F1AC6C325008203FE /* Release */ = {
			isa = XCBuildConfiguration;
			buildSettings = {
				BUNDLE_LOADER = "$(TEST_HOST)";
				FRAMEWORK_SEARCH_PATHS = (
					"$(SDKROOT)/Developer/Library/Frameworks",
					"$(inherited)",
				);
				INFOPLIST_FILE = Lesson2Tests/Info.plist;
				LD_RUNPATH_SEARCH_PATHS = "$(inherited) @executable_path/Frameworks @loader_path/Frameworks";
				PRODUCT_NAME = "$(TARGET_NAME)";
				TEST_HOST = "$(BUILT_PRODUCTS_DIR)/Lesson2.app/Lesson2";
			};
			name = Release;
		};
/* End XCBuildConfiguration section */

/* Begin XCConfigurationList section */
		B0928E321AC6C325008203FE /* Build configuration list for PBXProject "Lesson2" */ = {
			isa = XCConfigurationList;
			buildConfigurations = (
				B0928E581AC6C325008203FE /* Debug */,
				B0928E591AC6C325008203FE /* Release */,
			);
			defaultConfigurationIsVisible = 0;
			defaultConfigurationName = Release;
		};
		B0928E5A1AC6C325008203FE /* Build configuration list for PBXNativeTarget "Lesson2" */ = {
			isa = XCConfigurationList;
			buildConfigurations = (
				B0928E5B1AC6C325008203FE /* Debug */,
				B0928E5C1AC6C325008203FE /* Release */,
			);
			defaultConfigurationIsVisible = 0;
		};
		B0928E5D1AC6C325008203FE /* Build configuration list for PBXNativeTarget "Lesson2Tests" */ = {
			isa = XCConfigurationList;
			buildConfigurations = (
				B0928E5E1AC6C325008203FE /* Debug */,
				B0928E5F1AC6C325008203FE /* Release */,
			);
			defaultConfigurationIsVisible = 0;
		};
/* End XCConfigurationList section */
	};
	rootObject = B0928E2F1AC6C325008203FE /* Project object */;
}
