// !$*UTF8*$!
{
	archiveVersion = 1;
	classes = {
	};
	objectVersion = 46;
	objects = {

/* Begin PBXBuildFile section */
		B0A00F711AE279EB00863ECA /* main.m in Sources */ = {isa = PBXBuildFile; fileRef = B0A00F701AE279EB00863ECA /* main.m */; };
		B0A00F741AE279EB00863ECA /* AppDelegate.m in Sources */ = {isa = PBXBuildFile; fileRef = B0A00F731AE279EB00863ECA /* AppDelegate.m */; };
		B0A00F771AE279EB00863ECA /* ViewController.m in Sources */ = {isa = PBXBuildFile; fileRef = B0A00F761AE279EB00863ECA /* ViewController.m */; };
		B0A00F7A1AE279EB00863ECA /* Main.storyboard in Resources */ = {isa = PBXBuildFile; fileRef = B0A00F781AE279EB00863ECA /* Main.storyboard */; };
		B0A00F7C1AE279EB00863ECA /* Images.xcassets in Resources */ = {isa = PBXBuildFile; fileRef = B0A00F7B1AE279EB00863ECA /* Images.xcassets */; };
		B0A00F7F1AE279EB00863ECA /* LaunchScreen.xib in Resources */ = {isa = PBXBuildFile; fileRef = B0A00F7D1AE279EB00863ECA /* LaunchScreen.xib */; };
		B0A00F8B1AE279EB00863ECA /* Lesson5Tests.m in Sources */ = {isa = PBXBuildFile; fileRef = B0A00F8A1AE279EB00863ECA /* Lesson5Tests.m */; };
		B0A00F991AE27A3700863ECA /* User.m in Sources */ = {isa = PBXBuildFile; fileRef = B0A00F981AE27A3700863ECA /* User.m */; };
		B0A00F9B1AE286CF00863ECA /* Settings.plist in Resources */ = {isa = PBXBuildFile; fileRef = B0A00F9A1AE286CF00863ECA /* Settings.plist */; };
		B0A00F9D1AE2890F00863ECA /* Folder in Resources */ = {isa = PBXBuildFile; fileRef = B0A00F9C1AE2890F00863ECA /* Folder */; };
/* End PBXBuildFile section */

/* Begin PBXContainerItemProxy section */
		B0A00F851AE279EB00863ECA /* PBXContainerItemProxy */ = {
			isa = PBXContainerItemProxy;
			containerPortal = B0A00F631AE279EB00863ECA /* Project object */;
			proxyType = 1;
			remoteGlobalIDString = B0A00F6A1AE279EB00863ECA;
			remoteInfo = Lesson5;
		};
/* End PBXContainerItemProxy section */

/* Begin PBXFileReference section */
		B0A00F6B1AE279EB00863ECA /* Lesson5.app */ = {isa = PBXFileReference; explicitFileType = wrapper.application; includeInIndex = 0; path = Lesson5.app; sourceTree = BUILT_PRODUCTS_DIR; };
		B0A00F6F1AE279EB00863ECA /* Info.plist */ = {isa = PBXFileReference; lastKnownFileType = text.plist.xml; path = Info.plist; sourceTree = "<group>"; };
		B0A00F701AE279EB00863ECA /* main.m */ = {isa = PBXFileReference; lastKnownFileType = sourcecode.c.objc; path = main.m; sourceTree = "<group>"; };
		B0A00F721AE279EB00863ECA /* AppDelegate.h */ = {isa = PBXFileReference; lastKnownFileType = sourcecode.c.h; path = AppDelegate.h; sourceTree = "<group>"; };
		B0A00F731AE279EB00863ECA /* AppDelegate.m */ = {isa = PBXFileReference; lastKnownFileType = sourcecode.c.objc; path = AppDelegate.m; sourceTree = "<group>"; };
		B0A00F751AE279EB00863ECA /* ViewController.h */ = {isa = PBXFileReference; lastKnownFileType = sourcecode.c.h; path = ViewController.h; sourceTree = "<group>"; };
		B0A00F761AE279EB00863ECA /* ViewController.m */ = {isa = PBXFileReference; lastKnownFileType = sourcecode.c.objc; path = ViewController.m; sourceTree = "<group>"; };
		B0A00F791AE279EB00863ECA /* Base */ = {isa = PBXFileReference; lastKnownFileType = file.storyboard; name = Base; path = Base.lproj/Main.storyboard; sourceTree = "<group>"; };
		B0A00F7B1AE279EB00863ECA /* Images.xcassets */ = {isa = PBXFileReference; lastKnownFileType = folder.assetcatalog; path = Images.xcassets; sourceTree = "<group>"; };
		B0A00F7E1AE279EB00863ECA /* Base */ = {isa = PBXFileReference; lastKnownFileType = file.xib; name = Base; path = Base.lproj/LaunchScreen.xib; sourceTree = "<group>"; };
		B0A00F841AE279EB00863ECA /* Lesson5Tests.xctest */ = {isa = PBXFileReference; explicitFileType = wrapper.cfbundle; includeInIndex = 0; path = Lesson5Tests.xctest; sourceTree = BUILT_PRODUCTS_DIR; };
		B0A00F891AE279EB00863ECA /* Info.plist */ = {isa = PBXFileReference; lastKnownFileType = text.plist.xml; path = Info.plist; sourceTree = "<group>"; };
		B0A00F8A1AE279EB00863ECA /* Lesson5Tests.m */ = {isa = PBXFileReference; lastKnownFileType = sourcecode.c.objc; path = Lesson5Tests.m; sourceTree = "<group>"; };
		B0A00F971AE27A3700863ECA /* User.h */ = {isa = PBXFileReference; fileEncoding = 4; lastKnownFileType = sourcecode.c.h; path = User.h; sourceTree = "<group>"; };
		B0A00F981AE27A3700863ECA /* User.m */ = {isa = PBXFileReference; fileEncoding = 4; lastKnownFileType = sourcecode.c.objc; path = User.m; sourceTree = "<group>"; };
		B0A00F9A1AE286CF00863ECA /* Settings.plist */ = {isa = PBXFileReference; fileEncoding = 4; lastKnownFileType = text.plist.xml; path = Settings.plist; sourceTree = "<group>"; };
		B0A00F9C1AE2890F00863ECA /* Folder */ = {isa = PBXFileReference; lastKnownFileType = folder; path = Folder; sourceTree = "<group>"; };
/* End PBXFileReference section */

/* Begin PBXFrameworksBuildPhase section */
		B0A00F681AE279EB00863ECA /* Frameworks */ = {
			isa = PBXFrameworksBuildPhase;
			buildActionMask = 2147483647;
			files = (
			);
			runOnlyForDeploymentPostprocessing = 0;
		};
		B0A00F811AE279EB00863ECA /* Frameworks */ = {
			isa = PBXFrameworksBuildPhase;
			buildActionMask = 2147483647;
			files = (
			);
			runOnlyForDeploymentPostprocessing = 0;
		};
/* End PBXFrameworksBuildPhase section */

/* Begin PBXGroup section */
		B0A00F621AE279EB00863ECA = {
			isa = PBXGroup;
			children = (
				B0A00F6D1AE279EB00863ECA /* Lesson5 */,
				B0A00F871AE279EB00863ECA /* Lesson5Tests */,
				B0A00F6C1AE279EB00863ECA /* Products */,
			);
			sourceTree = "<group>";
		};
		B0A00F6C1AE279EB00863ECA /* Products */ = {
			isa = PBXGroup;
			children = (
				B0A00F6B1AE279EB00863ECA /* Lesson5.app */,
				B0A00F841AE279EB00863ECA /* Lesson5Tests.xctest */,
			);
			name = Products;
			sourceTree = "<group>";
		};
		B0A00F6D1AE279EB00863ECA /* Lesson5 */ = {
			isa = PBXGroup;
			children = (
				B0A00F951AE27A2100863ECA /* AppDelegate */,
				B0A00F961AE27A2600863ECA /* Model */,
				B0A00F941AE27A1B00863ECA /* Controllers */,
				B0A00F781AE279EB00863ECA /* Main.storyboard */,
				B0A00F7B1AE279EB00863ECA /* Images.xcassets */,
				B0A00F7D1AE279EB00863ECA /* LaunchScreen.xib */,
				B0A00F6E1AE279EB00863ECA /* Supporting Files */,
				B0A00F9C1AE2890F00863ECA /* Folder */,
				B0A00F9A1AE286CF00863ECA /* Settings.plist */,
			);
			path = Lesson5;
			sourceTree = "<group>";
		};
		B0A00F6E1AE279EB00863ECA /* Supporting Files */ = {
			isa = PBXGroup;
			children = (
				B0A00F6F1AE279EB00863ECA /* Info.plist */,
				B0A00F701AE279EB00863ECA /* main.m */,
			);
			name = "Supporting Files";
			sourceTree = "<group>";
		};
		B0A00F871AE279EB00863ECA /* Lesson5Tests */ = {
			isa = PBXGroup;
			children = (
				B0A00F8A1AE279EB00863ECA /* Lesson5Tests.m */,
				B0A00F881AE279EB00863ECA /* Supporting Files */,
			);
			path = Lesson5Tests;
			sourceTree = "<group>";
		};
		B0A00F881AE279EB00863ECA /* Supporting Files */ = {
			isa = PBXGroup;
			children = (
				B0A00F891AE279EB00863ECA /* Info.plist */,
			);
			name = "Supporting Files";
			sourceTree = "<group>";
		};
		B0A00F941AE27A1B00863ECA /* Controllers */ = {
			isa = PBXGroup;
			children = (
				B0A00F751AE279EB00863ECA /* ViewController.h */,
				B0A00F761AE279EB00863ECA /* ViewController.m */,
			);
			name = Controllers;
			sourceTree = "<group>";
		};
		B0A00F951AE27A2100863ECA /* AppDelegate */ = {
			isa = PBXGroup;
			children = (
				B0A00F721AE279EB00863ECA /* AppDelegate.h */,
				B0A00F731AE279EB00863ECA /* AppDelegate.m */,
			);
			name = AppDelegate;
			sourceTree = "<group>";
		};
		B0A00F961AE27A2600863ECA /* Model */ = {
			isa = PBXGroup;
			children = (
				B0A00F971AE27A3700863ECA /* User.h */,
				B0A00F981AE27A3700863ECA /* User.m */,
			);
			name = Model;
			sourceTree = "<group>";
		};
/* End PBXGroup section */

/* Begin PBXNativeTarget section */
		B0A00F6A1AE279EB00863ECA /* Lesson5 */ = {
			isa = PBXNativeTarget;
			buildConfigurationList = B0A00F8E1AE279EB00863ECA /* Build configuration list for PBXNativeTarget "Lesson5" */;
			buildPhases = (
				B0A00F671AE279EB00863ECA /* Sources */,
				B0A00F681AE279EB00863ECA /* Frameworks */,
				B0A00F691AE279EB00863ECA /* Resources */,
			);
			buildRules = (
			);
			dependencies = (
			);
			name = Lesson5;
			productName = Lesson5;
			productReference = B0A00F6B1AE279EB00863ECA /* Lesson5.app */;
			productType = "com.apple.product-type.application";
		};
		B0A00F831AE279EB00863ECA /* Lesson5Tests */ = {
			isa = PBXNativeTarget;
			buildConfigurationList = B0A00F911AE279EB00863ECA /* Build configuration list for PBXNativeTarget "Lesson5Tests" */;
			buildPhases = (
				B0A00F801AE279EB00863ECA /* Sources */,
				B0A00F811AE279EB00863ECA /* Frameworks */,
				B0A00F821AE279EB00863ECA /* Resources */,
			);
			buildRules = (
			);
			dependencies = (
				B0A00F861AE279EB00863ECA /* PBXTargetDependency */,
			);
			name = Lesson5Tests;
			productName = Lesson5Tests;
			productReference = B0A00F841AE279EB00863ECA /* Lesson5Tests.xctest */;
			productType = "com.apple.product-type.bundle.unit-test";
		};
/* End PBXNativeTarget section */

/* Begin PBXProject section */
		B0A00F631AE279EB00863ECA /* Project object */ = {
			isa = PBXProject;
			attributes = {
				LastUpgradeCheck = 0630;
				ORGANIZATIONNAME = "Timur Bernikowich";
				TargetAttributes = {
					B0A00F6A1AE279EB00863ECA = {
						CreatedOnToolsVersion = 6.3;
					};
					B0A00F831AE279EB00863ECA = {
						CreatedOnToolsVersion = 6.3;
						TestTargetID = B0A00F6A1AE279EB00863ECA;
					};
				};
			};
			buildConfigurationList = B0A00F661AE279EB00863ECA /* Build configuration list for PBXProject "Lesson5" */;
			compatibilityVersion = "Xcode 3.2";
			developmentRegion = English;
			hasScannedForEncodings = 0;
			knownRegions = (
				en,
				Base,
			);
			mainGroup = B0A00F621AE279EB00863ECA;
			productRefGroup = B0A00F6C1AE279EB00863ECA /* Products */;
			projectDirPath = "";
			projectRoot = "";
			targets = (
				B0A00F6A1AE279EB00863ECA /* Lesson5 */,
				B0A00F831AE279EB00863ECA /* Lesson5Tests */,
			);
		};
/* End PBXProject section */

/* Begin PBXResourcesBuildPhase section */
		B0A00F691AE279EB00863ECA /* Resources */ = {
			isa = PBXResourcesBuildPhase;
			buildActionMask = 2147483647;
			files = (
				B0A00F9D1AE2890F00863ECA /* Folder in Resources */,
				B0A00F7A1AE279EB00863ECA /* Main.storyboard in Resources */,
				B0A00F9B1AE286CF00863ECA /* Settings.plist in Resources */,
				B0A00F7F1AE279EB00863ECA /* LaunchScreen.xib in Resources */,
				B0A00F7C1AE279EB00863ECA /* Images.xcassets in Resources */,
			);
			runOnlyForDeploymentPostprocessing = 0;
		};
		B0A00F821AE279EB00863ECA /* Resources */ = {
			isa = PBXResourcesBuildPhase;
			buildActionMask = 2147483647;
			files = (
			);
			runOnlyForDeploymentPostprocessing = 0;
		};
/* End PBXResourcesBuildPhase section */

/* Begin PBXSourcesBuildPhase section */
		B0A00F671AE279EB00863ECA /* Sources */ = {
			isa = PBXSourcesBuildPhase;
			buildActionMask = 2147483647;
			files = (
				B0A00F991AE27A3700863ECA /* User.m in Sources */,
				B0A00F771AE279EB00863ECA /* ViewController.m in Sources */,
				B0A00F741AE279EB00863ECA /* AppDelegate.m in Sources */,
				B0A00F711AE279EB00863ECA /* main.m in Sources */,
			);
			runOnlyForDeploymentPostprocessing = 0;
		};
		B0A00F801AE279EB00863ECA /* Sources */ = {
			isa = PBXSourcesBuildPhase;
			buildActionMask = 2147483647;
			files = (
				B0A00F8B1AE279EB00863ECA /* Lesson5Tests.m in Sources */,
			);
			runOnlyForDeploymentPostprocessing = 0;
		};
/* End PBXSourcesBuildPhase section */

/* Begin PBXTargetDependency section */
		B0A00F861AE279EB00863ECA /* PBXTargetDependency */ = {
			isa = PBXTargetDependency;
			target = B0A00F6A1AE279EB00863ECA /* Lesson5 */;
			targetProxy = B0A00F851AE279EB00863ECA /* PBXContainerItemProxy */;
		};
/* End PBXTargetDependency section */

/* Begin PBXVariantGroup section */
		B0A00F781AE279EB00863ECA /* Main.storyboard */ = {
			isa = PBXVariantGroup;
			children = (
				B0A00F791AE279EB00863ECA /* Base */,
			);
			name = Main.storyboard;
			sourceTree = "<group>";
		};
		B0A00F7D1AE279EB00863ECA /* LaunchScreen.xib */ = {
			isa = PBXVariantGroup;
			children = (
				B0A00F7E1AE279EB00863ECA /* Base */,
			);
			name = LaunchScreen.xib;
			sourceTree = "<group>";
		};
/* End PBXVariantGroup section */

/* Begin XCBuildConfiguration section */
		B0A00F8C1AE279EB00863ECA /* Debug */ = {
			isa = XCBuildConfiguration;
			buildSettings = {
				ALWAYS_SEARCH_USER_PATHS = NO;
				CLANG_CXX_LANGUAGE_STANDARD = "gnu++0x";
				CLANG_CXX_LIBRARY = "libc++";
				CLANG_ENABLE_MODULES = YES;
				CLANG_ENABLE_OBJC_ARC = YES;
				CLANG_WARN_BOOL_CONVERSION = YES;
				CLANG_WARN_CONSTANT_CONVERSION = YES;
				CLANG_WARN_DIRECT_OBJC_ISA_USAGE = YES_ERROR;
				CLANG_WARN_EMPTY_BODY = YES;
				CLANG_WARN_ENUM_CONVERSION = YES;
				CLANG_WARN_INT_CONVERSION = YES;
				CLANG_WARN_OBJC_ROOT_CLASS = YES_ERROR;
				CLANG_WARN_UNREACHABLE_CODE = YES;
				CLANG_WARN__DUPLICATE_METHOD_MATCH = YES;
				"CODE_SIGN_IDENTITY[sdk=iphoneos*]" = "iPhone Developer";
				COPY_PHASE_STRIP = NO;
				DEBUG_INFORMATION_FORMAT = "dwarf-with-dsym";
				ENABLE_STRICT_OBJC_MSGSEND = YES;
				GCC_C_LANGUAGE_STANDARD = gnu99;
				GCC_DYNAMIC_NO_PIC = NO;
				GCC_NO_COMMON_BLOCKS = YES;
				GCC_OPTIMIZATION_LEVEL = 0;
				GCC_PREPROCESSOR_DEFINITIONS = (
					"DEBUG=1",
					"$(inherited)",
				);
				GCC_SYMBOLS_PRIVATE_EXTERN = NO;
				GCC_WARN_64_TO_32_BIT_CONVERSION = YES;
				GCC_WARN_ABOUT_RETURN_TYPE = YES_ERROR;
				GCC_WARN_UNDECLARED_SELECTOR = YES;
				GCC_WARN_UNINITIALIZED_AUTOS = YES_AGGRESSIVE;
				GCC_WARN_UNUSED_FUNCTION = YES;
				GCC_WARN_UNUSED_VARIABLE = YES;
				IPHONEOS_DEPLOYMENT_TARGET = 8.3;
				MTL_ENABLE_DEBUG_INFO = YES;
				ONLY_ACTIVE_ARCH = YES;
				SDKROOT = iphoneos;
				TARGETED_DEVICE_FAMILY = "1,2";
			};
			name = Debug;
		};
		B0A00F8D1AE279EB00863ECA /* Release */ = {
			isa = XCBuildConfiguration;
			buildSettings = {
				ALWAYS_SEARCH_USER_PATHS = NO;
				CLANG_CXX_LANGUAGE_STANDARD = "gnu++0x";
				CLANG_CXX_LIBRARY = "libc++";
				CLANG_ENABLE_MODULES = YES;
				CLANG_ENABLE_OBJC_ARC = YES;
				CLANG_WARN_BOOL_CONVERSION = YES;
				CLANG_WARN_CONSTANT_CONVERSION = YES;
				CLANG_WARN_DIRECT_OBJC_ISA_USAGE = YES_ERROR;
				CLANG_WARN_EMPTY_BODY = YES;
				CLANG_WARN_ENUM_CONVERSION = YES;
				CLANG_WARN_INT_CONVERSION = YES;
				CLANG_WARN_OBJC_ROOT_CLASS = YES_ERROR;
				CLANG_WARN_UNREACHABLE_CODE = YES;
				CLANG_WARN__DUPLICATE_METHOD_MATCH = YES;
				"CODE_SIGN_IDENTITY[sdk=iphoneos*]" = "iPhone Developer";
				COPY_PHASE_STRIP = NO;
				DEBUG_INFORMATION_FORMAT = "dwarf-with-dsym";
				ENABLE_NS_ASSERTIONS = NO;
				ENABLE_STRICT_OBJC_MSGSEND = YES;
				GCC_C_LANGUAGE_STANDARD = gnu99;
				GCC_NO_COMMON_BLOCKS = YES;
				GCC_WARN_64_TO_32_BIT_CONVERSION = YES;
				GCC_WARN_ABOUT_RETURN_TYPE = YES_ERROR;
				GCC_WARN_UNDECLARED_SELECTOR = YES;
				GCC_WARN_UNINITIALIZED_AUTOS = YES_AGGRESSIVE;
				GCC_WARN_UNUSED_FUNCTION = YES;
				GCC_WARN_UNUSED_VARIABLE = YES;
				IPHONEOS_DEPLOYMENT_TARGET = 8.3;
				MTL_ENABLE_DEBUG_INFO = NO;
				SDKROOT = iphoneos;
				TARGETED_DEVICE_FAMILY = "1,2";
				VALIDATE_PRODUCT = YES;
			};
			name = Release;
		};
		B0A00F8F1AE279EB00863ECA /* Debug */ = {
			isa = XCBuildConfiguration;
			buildSettings = {
				ASSETCATALOG_COMPILER_APPICON_NAME = AppIcon;
				INFOPLIST_FILE = Lesson5/Info.plist;
				LD_RUNPATH_SEARCH_PATHS = "$(inherited) @executable_path/Frameworks";
				PRODUCT_NAME = "$(TARGET_NAME)";
			};
			name = Debug;
		};
		B0A00F901AE279EB00863ECA /* Release */ = {
			isa = XCBuildConfiguration;
			buildSettings = {
				ASSETCATALOG_COMPILER_APPICON_NAME = AppIcon;
				INFOPLIST_FILE = Lesson5/Info.plist;
				LD_RUNPATH_SEARCH_PATHS = "$(inherited) @executable_path/Frameworks";
				PRODUCT_NAME = "$(TARGET_NAME)";
			};
			name = Release;
		};
		B0A00F921AE279EB00863ECA /* Debug */ = {
			isa = XCBuildConfiguration;
			buildSettings = {
				BUNDLE_LOADER = "$(TEST_HOST)";
				FRAMEWORK_SEARCH_PATHS = (
					"$(SDKROOT)/Developer/Library/Frameworks",
					"$(inherited)",
				);
				GCC_PREPROCESSOR_DEFINITIONS = (
					"DEBUG=1",
					"$(inherited)",
				);
				INFOPLIST_FILE = Lesson5Tests/Info.plist;
				LD_RUNPATH_SEARCH_PATHS = "$(inherited) @executable_path/Frameworks @loader_path/Frameworks";
				PRODUCT_NAME = "$(TARGET_NAME)";
				TEST_HOST = "$(BUILT_PRODUCTS_DIR)/Lesson5.app/Lesson5";
			};
			name = Debug;
		};
		B0A00F931AE279EB00863ECA /* Release */ = {
			isa = XCBuildConfiguration;
			buildSettings = {
				BUNDLE_LOADER = "$(TEST_HOST)";
				FRAMEWORK_SEARCH_PATHS = (
					"$(SDKROOT)/Developer/Library/Frameworks",
					"$(inherited)",
				);
				INFOPLIST_FILE = Lesson5Tests/Info.plist;
				LD_RUNPATH_SEARCH_PATHS = "$(inherited) @executable_path/Frameworks @loader_path/Frameworks";
				PRODUCT_NAME = "$(TARGET_NAME)";
				TEST_HOST = "$(BUILT_PRODUCTS_DIR)/Lesson5.app/Lesson5";
			};
			name = Release;
		};
/* End XCBuildConfiguration section */

/* Begin XCConfigurationList section */
		B0A00F661AE279EB00863ECA /* Build configuration list for PBXProject "Lesson5" */ = {
			isa = XCConfigurationList;
			buildConfigurations = (
				B0A00F8C1AE279EB00863ECA /* Debug */,
				B0A00F8D1AE279EB00863ECA /* Release */,
			);
			defaultConfigurationIsVisible = 0;
			defaultConfigurationName = Release;
		};
		B0A00F8E1AE279EB00863ECA /* Build configuration list for PBXNativeTarget "Lesson5" */ = {
			isa = XCConfigurationList;
			buildConfigurations = (
				B0A00F8F1AE279EB00863ECA /* Debug */,
				B0A00F901AE279EB00863ECA /* Release */,
			);
			defaultConfigurationIsVisible = 0;
		};
		B0A00F911AE279EB00863ECA /* Build configuration list for PBXNativeTarget "Lesson5Tests" */ = {
			isa = XCConfigurationList;
			buildConfigurations = (
				B0A00F921AE279EB00863ECA /* Debug */,
				B0A00F931AE279EB00863ECA /* Release */,
			);
			defaultConfigurationIsVisible = 0;
		};
/* End XCConfigurationList section */
	};
	rootObject = B0A00F631AE279EB00863ECA /* Project object */;
}
